
Microsoft Visual Studio Solution File, Format Version 12.00
# Visual Studio Version 17
VisualStudioVersion = 17.14.37710.0
MinimumVisualStudioVersion = 10.0.40219.1
Project("{FAE04EC0-301F-11D3-BF4B-00C04F79EFBC}") = "S2_POO", "S2_POO\S2_POO.csproj", "{8D4B98FD-E1DE-4796-9C99-AADBA8E27E21}"
EndProject
Project("{FAE04EC0-301F-11D3-BF4B-00C04F79EFBC}") = "S2_POO_TP_1", "S2_POO_TP_1\S2_POO_TP_1.csproj", "{4DC93475-4C9F-48A6-8F40-DDB2D4F4CBF5}"
EndProject
Global
	GlobalSection(SolutionConfigurationPlatforms) = preSolution
		Debug|Any CPU = Debug|Any CPU
		Release|Any CPU = Release|Any CPU
	EndGlobalSection
	GlobalSection(ProjectConfigurationPlatforms) = postSolution
		{8D4B98FD-E1DE-4796-9C99-AADBA8E27E21}.Debug|Any CPU.ActiveCfg = Debug|Any CPU
		{8D4B98FD-E1DE-4796-9C99-AADBA8E27E21}.Debug|Any CPU.Build.0 = Debug|Any CPU
		{8D4B98FD-E1DE-4796-9C99-AADBA8E27E21}.Release|Any CPU.ActiveCfg = Release|Any CPU
		{8D4B98FD-E1DE-4796-9C99-AADBA8E27E21}.Release|Any CPU.Build.0 = Release|Any CPU
		{4DC93475-4C9F-48A6-8F40-DDB2D4F4CBF5}.Debug|Any CPU.ActiveCfg = Debug|Any CPU
		{4DC93475-4C9F-48A6-8F40-DDB2D4F4CBF5}.Debug|Any CPU.Build.0 = Debug|Any CPU
		{4DC93475-4C9F-48A6-8F40-DDB2D4F4CBF5}.Release|Any CPU.ActiveCfg = Release|Any CPU
		{4DC93475-4C9F-48A6-8F40-DDB2D4F4CBF5}.Release|Any CPU.Build.0 = Release|Any CPU
	EndGlobalSection
	GlobalSection(SolutionProperties) = preSolution
		HideSolutionNode = FALSE
	EndGlobalSection
	GlobalSection(ExtensibilityGlobals) = postSolution
		SolutionGuid = {BB1D950C-E90F-4808-8ED1-7F0A2267B710}
	EndGlobalSection
EndGlobal
