
Microsoft Visual Studio Solution File, Format Version 12.00
# Visual Studio Version 17
VisualStudioVersion = 17.14.37710.0
MinimumVisualStudioVersion = 10.0.40219.1
Project("{FAE04EC0-301F-11D3-BF4B-00C04F79EFBC}") = "S2_POO", "S2_POO\S2_POO.csproj", "{8D4B98FD-E1DE-4796-9C99-AADBA8E27E21}"
EndProject
Project("{FAE04EC0-301F-11D3-BF4B-00C04F79EFBC}") = "S2_POO_TP_1", "S2_POO_TP_1\S2_POO_TP_1.csproj", "{4DC93475-4C9F-48A6-8F40-DDB2D4F4CBF5}"
EndProject
Project("{FAE04EC0-301F-11D3-BF4B-00C04F79EFBC}") = "S2_POO_TP_2", "S2_POO_TP_2\S2_POO_TP_2.csproj", "{C7A5824B-D8A4-409B-8B2E-D0A083A4AE44}"
EndProject
Project("{FAE04EC0-301F-11D3-BF4B-00C04F79EFBC}") = "S2_POO_TP_3", "S2_POO_TP_3\S2_POO_TP_3.csproj", "{E1B62D9B-BC38-4634-B9D5-71AC3C0BD144}"
EndProject
Project("{FAE04EC0-301F-11D3-BF4B-00C04F79EFBC}") = "S2_POO_TP_POINT", "S2_POO_TP_POINT\S2_POO_TP_POINT.csproj", "{A405BB73-30B2-48B5-A234-8DA8357B24C3}"
EndProject
Project("{FAE04EC0-301F-11D3-BF4B-00C04F79EFBC}") = "S2_POO_TP_DES", "S2_POO_TP_DES\S2_POO_TP_DES.csproj", "{CD03C6CF-BD6F-4F43-B54A-E4DA6483D6D5}"
EndProject
Project("{FAE04EC0-301F-11D3-BF4B-00C04F79EFBC}") = "S2_POO_TP_CERCLE", "S2_POO_TP_CERCLE\S2_POO_TP_CERCLE.csproj", "{EAFEBBEC-A563-4A8B-8642-9FC911EAD0E3}"
EndProject
Project("{FAE04EC0-301F-11D3-BF4B-00C04F79EFBC}") = "S2_POO_TP_4", "S2_POO_TP_4\S2_POO_TP_4.csproj", "{A6AF6E4D-B2AE-45C6-B4C7-E9A419FF9B0E}"
EndProject
Global
	GlobalSection(SolutionConfigurationPlatforms) = preSolution
		Debug|Any CPU = Debug|Any CPU
		Release|Any CPU = Release|Any CPU
	EndGlobalSection
	GlobalSection(ProjectConfigurationPlatforms) = postSolution
		{8D4B98FD-E1DE-4796-9C99-AADBA8E27E21}.Debug|Any CPU.ActiveCfg = Debug|Any CPU
		{8D4B98FD-E1DE-4796-9C99-AADBA8E27E21}.Debug|Any CPU.Build.0 = Debug|Any CPU
		{8D4B98FD-E1DE-4796-9C99-AADBA8E27E21}.Release|Any CPU.ActiveCfg = Release|Any CPU
		{8D4B98FD-E1DE-4796-9C99-AADBA8E27E21}.Release|Any CPU.Build.0 = Release|Any CPU
		{4DC93475-4C9F-48A6-8F40-DDB2D4F4CBF5}.Debug|Any CPU.ActiveCfg = Debug|Any CPU
		{4DC93475-4C9F-48A6-8F40-DDB2D4F4CBF5}.Debug|Any CPU.Build.0 = Debug|Any CPU
		{4DC93475-4C9F-48A6-8F40-DDB2D4F4CBF5}.Release|Any CPU.ActiveCfg = Release|Any CPU
		{4DC93475-4C9F-48A6-8F40-DDB2D4F4CBF5}.Release|Any CPU.Build.0 = Release|Any CPU
		{C7A5824B-D8A4-409B-8B2E-D0A083A4AE44}.Debug|Any CPU.ActiveCfg = Debug|Any CPU
		{C7A5824B-D8A4-409B-8B2E-D0A083A4AE44}.Debug|Any CPU.Build.0 = Debug|Any CPU
		{C7A5824B-D8A4-409B-8B2E-D0A083A4AE44}.Release|Any CPU.ActiveCfg = Release|Any CPU
		{C7A5824B-D8A4-409B-8B2E-D0A083A4AE44}.Release|Any CPU.Build.0 = Release|Any CPU
		{E1B62D9B-BC38-4634-B9D5-71AC3C0BD144}.Debug|Any CPU.ActiveCfg = Debug|Any CPU
		{E1B62D9B-BC38-4634-B9D5-71AC3C0BD144}.Debug|Any CPU.Build.0 = Debug|Any CPU
		{E1B62D9B-BC38-4634-B9D5-71AC3C0BD144}.Release|Any CPU.ActiveCfg = Release|Any CPU
		{E1B62D9B-BC38-4634-B9D5-71AC3C0BD144}.Release|Any CPU.Build.0 = Release|Any CPU
		{A405BB73-30B2-48B5-A234-8DA8357B24C3}.Debug|Any CPU.ActiveCfg = Debug|Any CPU
		{A405BB73-30B2-48B5-A234-8DA8357B24C3}.Debug|Any CPU.Build.0 = Debug|Any CPU
		{A405BB73-30B2-48B5-A234-8DA8357B24C3}.Release|Any CPU.ActiveCfg = Release|Any CPU
		{A405BB73-30B2-48B5-A234-8DA8357B24C3}.Release|Any CPU.Build.0 = Release|Any CPU
		{CD03C6CF-BD6F-4F43-B54A-E4DA6483D6D5}.Debug|Any CPU.ActiveCfg = Debug|Any CPU
		{CD03C6CF-BD6F-4F43-B54A-E4DA6483D6D5}.Debug|Any CPU.Build.0 = Debug|Any CPU
		{CD03C6CF-BD6F-4F43-B54A-E4DA6483D6D5}.Release|Any CPU.ActiveCfg = Release|Any CPU
		{CD03C6CF-BD6F-4F43-B54A-E4DA6483D6D5}.Release|Any CPU.Build.0 = Release|Any CPU
		{EAFEBBEC-A563-4A8B-8642-9FC911EAD0E3}.Debug|Any CPU.ActiveCfg = Debug|Any CPU
		{EAFEBBEC-A563-4A8B-8642-9FC911EAD0E3}.Debug|Any CPU.Build.0 = Debug|Any CPU
		{EAFEBBEC-A563-4A8B-8642-9FC911EAD0E3}.Release|Any CPU.ActiveCfg = Release|Any CPU
		{EAFEBBEC-A563-4A8B-8642-9FC911EAD0E3}.Release|Any CPU.Build.0 = Release|Any CPU
		{A6AF6E4D-B2AE-45C6-B4C7-E9A419FF9B0E}.Debug|Any CPU.ActiveCfg = Debug|Any CPU
		{A6AF6E4D-B2AE-45C6-B4C7-E9A419FF9B0E}.Debug|Any CPU.Build.0 = Debug|Any CPU
		{A6AF6E4D-B2AE-45C6-B4C7-E9A419FF9B0E}.Release|Any CPU.ActiveCfg = Release|Any CPU
		{A6AF6E4D-B2AE-45C6-B4C7-E9A419FF9B0E}.Release|Any CPU.Build.0 = Release|Any CPU
	EndGlobalSection
	GlobalSection(SolutionProperties) = preSolution
		HideSolutionNode = FALSE
	EndGlobalSection
	GlobalSection(ExtensibilityGlobals) = postSolution
		SolutionGuid = {BB1D950C-E90F-4808-8ED1-7F0A2267B710}
	EndGlobalSection
EndGlobal
